
Microsoft Visual Studio Solution File, Format Version 12.00
# Visual Studio Version 16
VisualStudioVersion = 16.0.30804.86
MinimumVisualStudioVersion = 10.0.40219.1
Project("{FAE04EC0-301F-11D3-BF4B-00C04F79EFBC}") = "AAVLC_50m", "Thor_Cam2\AAVLC_50m.csproj", "{B7633EED-09D4-4A45-8165-FBAB2A84D073}"
EndProject
Global
	GlobalSection(SolutionConfigurationPlatforms) = preSolution
		Debug|Any CPU = Debug|Any CPU
		Debug|x64 = Debug|x64
		Debug|x86 = Debug|x86
		Release|Any CPU = Release|Any CPU
		Release|x64 = Release|x64
		Release|x86 = Release|x86
	EndGlobalSection
	GlobalSection(ProjectConfigurationPlatforms) = postSolution
		{B7633EED-09D4-4A45-8165-FBAB2A84D073}.Debug|Any CPU.ActiveCfg = Debug|Any CPU
		{B7633EED-09D4-4A45-8165-FBAB2A84D073}.Debug|Any CPU.Build.0 = Debug|Any CPU
		{B7633EED-09D4-4A45-8165-FBAB2A84D073}.Debug|x64.ActiveCfg = Debug|x64
		{B7633EED-09D4-4A45-8165-FBAB2A84D073}.Debug|x64.Build.0 = Debug|x64
		{B7633EED-09D4-4A45-8165-FBAB2A84D073}.Debug|x86.ActiveCfg = Debug|x86
		{B7633EED-09D4-4A45-8165-FBAB2A84D073}.Debug|x86.Build.0 = Debug|x86
		{B7633EED-09D4-4A45-8165-FBAB2A84D073}.Release|Any CPU.ActiveCfg = Release|Any CPU
		{B7633EED-09D4-4A45-8165-FBAB2A84D073}.Release|Any CPU.Build.0 = Release|Any CPU
		{B7633EED-09D4-4A45-8165-FBAB2A84D073}.Release|x64.ActiveCfg = Release|x64
		{B7633EED-09D4-4A45-8165-FBAB2A84D073}.Release|x64.Build.0 = Release|x64
		{B7633EED-09D4-4A45-8165-FBAB2A84D073}.Release|x86.ActiveCfg = Release|x86
		{B7633EED-09D4-4A45-8165-FBAB2A84D073}.Release|x86.Build.0 = Release|x86
	EndGlobalSection
	GlobalSection(SolutionProperties) = preSolution
		HideSolutionNode = FALSE
	EndGlobalSection
	GlobalSection(ExtensibilityGlobals) = postSolution
		SolutionGuid = {E1B464D9-E92D-4A31-88C5-5724E30A9706}
	EndGlobalSection
EndGlobal
